{
  "name": "swiftly",
  "lockfileVersion": 3,
  "requires": true,
  "packages": {
    "": {
      "dependencies": {
        "assemblyai": "^4.16.1"
      }
    },
    "node_modules/assemblyai": {
      "version": "4.16.1",
      "resolved": "https://registry.npmjs.org/assemblyai/-/assemblyai-4.16.1.tgz",
      "integrity": "sha512-gpcR1cIkCeJdV5RJN7Na4BTwfF6pHauIMQ+Hz2szdlQ+KY/rpsxdYa0ox0mBhrnqNR5YFctGJVvQUaTp9k3fPw==",
      "license": "MIT",
      "dependencies": {
        "ws": "^8.18.0"
      },
      "engines": {
        "node": ">=18"
      }
    },
    "node_modules/ws": {
      "version": "8.18.3",
      "resolved": "https://registry.npmjs.org/ws/-/ws-8.18.3.tgz",
      "integrity": "sha512-PEIGCY5tSlUt50cqyMXfCzX+oOPqN0vuGqWzbcJ2xvnkzkq46oOpz7dQaTDBdfICb4N14+GARUDw2XV2N4tvzg==",
      "license": "MIT",
      "engines": {
        "node": ">=10.0.0"
      },
      "peerDependencies": {
        "bufferutil": "^4.0.1",
        "utf-8-validate": ">=5.0.2"
      },
      "peerDependenciesMeta": {
        "bufferutil": {
          "optional": true
        },
        "utf-8-validate": {
          "optional": true
        }
      }
    }
  }
}
